
Microsoft Visual Studio Solution File, Format Version 12.00
# Visual Studio Version 17
VisualStudioVersion = 17.0.32126.317
MinimumVisualStudioVersion = 10.0.40219.1
Project("{FAE04EC0-301F-11D3-BF4B-00C04F79EFBC}") = "Tetris", "Tetris\Tetris.csproj", "{182E4512-90C5-48F7-AD28-02EF7550DE62}"
EndProject
Global
	GlobalSection(SolutionConfigurationPlatforms) = preSolution
		Debug|Any CPU = Debug|Any CPU
		Release|Any CPU = Release|Any CPU
	EndGlobalSection
	GlobalSection(ProjectConfigurationPlatforms) = postSolution
		{182E4512-90C5-48F7-AD28-02EF7550DE62}.Debug|Any CPU.ActiveCfg = Debug|Any CPU
		{182E4512-90C5-48F7-AD28-02EF7550DE62}.Debug|Any CPU.Build.0 = Debug|Any CPU
		{182E4512-90C5-48F7-AD28-02EF7550DE62}.Release|Any CPU.ActiveCfg = Release|Any CPU
		{182E4512-90C5-48F7-AD28-02EF7550DE62}.Release|Any CPU.Build.0 = Release|Any CPU
	EndGlobalSection
	GlobalSection(SolutionProperties) = preSolution
		HideSolutionNode = FALSE
	EndGlobalSection
	GlobalSection(ExtensibilityGlobals) = postSolution
		SolutionGuid = {DB81E21A-830F-4A31-BF40-1D5D59C92046}
	EndGlobalSection
EndGlobal
